
Microsoft Visual Studio Solution File, Format Version 12.00
# Visual Studio Version 17
VisualStudioVersion = 17.6.33723.286
MinimumVisualStudioVersion = 10.0.40219.1
Project("{2150E333-8FDC-42A3-9474-1A3956D46DE8}") = "src", "src", "{0E291973-D91C-486C-A9D2-8926C656A382}"
EndProject
Project("{2150E333-8FDC-42A3-9474-1A3956D46DE8}") = "tests", "tests", "{753B9E81-B38A-4B54-830B-F80B129D5E6F}"
EndProject
Project("{9A19103F-16F7-4668-BE54-9A1E7A4F7556}") = "KYC.API.Proxy", "src\KYC.API.Proxy\KYC.API.Proxy.csproj", "{655F6E73-17FD-437B-B76B-C5C8CDB1BDC2}"
EndProject
Project("{9A19103F-16F7-4668-BE54-9A1E7A4F7556}") = "KYC.API.Proxy.Tests", "tests\KYC.API.Proxy.Tests\KYC.API.Proxy.Tests.csproj", "{0AB264DD-CE17-4ED3-BA4B-0539625C48F2}"
EndProject
Project("{9A19103F-16F7-4668-BE54-9A1E7A4F7556}") = "AdminKycProxy", "src\AdminKycProxy\AdminKycProxy.csproj", "{E1741FF4-E88E-40D7-AC18-33D69DFDCDCA}"
EndProject
Project("{9A19103F-16F7-4668-BE54-9A1E7A4F7556}") = "AdminKycProxy.Tests", "tests\AdminKycProxy.Tests\AdminKycProxy.Tests.csproj", "{644AE07B-DCD2-46C9-98FC-4C03B526C115}"
EndProject
Project("{9A19103F-16F7-4668-BE54-9A1E7A4F7556}") = "KYC.API.Proxy.Batch", "src\KYC.API.Proxy.Batch\KYC.API.Proxy.Batch.csproj", "{5402979A-2EE5-4C4F-B120-003F246B3E3C}"
EndProject
Global
	GlobalSection(SolutionConfigurationPlatforms) = preSolution
		Debug|Any CPU = Debug|Any CPU
		Release|Any CPU = Release|Any CPU
	EndGlobalSection
	GlobalSection(ProjectConfigurationPlatforms) = postSolution
		{655F6E73-17FD-437B-B76B-C5C8CDB1BDC2}.Debug|Any CPU.ActiveCfg = Debug|Any CPU
		{655F6E73-17FD-437B-B76B-C5C8CDB1BDC2}.Debug|Any CPU.Build.0 = Debug|Any CPU
		{655F6E73-17FD-437B-B76B-C5C8CDB1BDC2}.Release|Any CPU.ActiveCfg = Release|Any CPU
		{655F6E73-17FD-437B-B76B-C5C8CDB1BDC2}.Release|Any CPU.Build.0 = Release|Any CPU
		{0AB264DD-CE17-4ED3-BA4B-0539625C48F2}.Debug|Any CPU.ActiveCfg = Debug|Any CPU
		{0AB264DD-CE17-4ED3-BA4B-0539625C48F2}.Debug|Any CPU.Build.0 = Debug|Any CPU
		{0AB264DD-CE17-4ED3-BA4B-0539625C48F2}.Release|Any CPU.ActiveCfg = Release|Any CPU
		{0AB264DD-CE17-4ED3-BA4B-0539625C48F2}.Release|Any CPU.Build.0 = Release|Any CPU
		{E1741FF4-E88E-40D7-AC18-33D69DFDCDCA}.Debug|Any CPU.ActiveCfg = Debug|Any CPU
		{E1741FF4-E88E-40D7-AC18-33D69DFDCDCA}.Debug|Any CPU.Build.0 = Debug|Any CPU
		{E1741FF4-E88E-40D7-AC18-33D69DFDCDCA}.Release|Any CPU.ActiveCfg = Release|Any CPU
		{E1741FF4-E88E-40D7-AC18-33D69DFDCDCA}.Release|Any CPU.Build.0 = Release|Any CPU
		{644AE07B-DCD2-46C9-98FC-4C03B526C115}.Debug|Any CPU.ActiveCfg = Debug|Any CPU
		{644AE07B-DCD2-46C9-98FC-4C03B526C115}.Debug|Any CPU.Build.0 = Debug|Any CPU
		{644AE07B-DCD2-46C9-98FC-4C03B526C115}.Release|Any CPU.ActiveCfg = Release|Any CPU
		{644AE07B-DCD2-46C9-98FC-4C03B526C115}.Release|Any CPU.Build.0 = Release|Any CPU
		{5402979A-2EE5-4C4F-B120-003F246B3E3C}.Debug|Any CPU.ActiveCfg = Debug|Any CPU
		{5402979A-2EE5-4C4F-B120-003F246B3E3C}.Debug|Any CPU.Build.0 = Debug|Any CPU
		{5402979A-2EE5-4C4F-B120-003F246B3E3C}.Release|Any CPU.ActiveCfg = Release|Any CPU
		{5402979A-2EE5-4C4F-B120-003F246B3E3C}.Release|Any CPU.Build.0 = Release|Any CPU
	EndGlobalSection
	GlobalSection(SolutionProperties) = preSolution
		HideSolutionNode = FALSE
	EndGlobalSection
	GlobalSection(NestedProjects) = preSolution
		{655F6E73-17FD-437B-B76B-C5C8CDB1BDC2} = {0E291973-D91C-486C-A9D2-8926C656A382}
		{0AB264DD-CE17-4ED3-BA4B-0539625C48F2} = {753B9E81-B38A-4B54-830B-F80B129D5E6F}
		{E1741FF4-E88E-40D7-AC18-33D69DFDCDCA} = {0E291973-D91C-486C-A9D2-8926C656A382}
		{644AE07B-DCD2-46C9-98FC-4C03B526C115} = {753B9E81-B38A-4B54-830B-F80B129D5E6F}
		{5402979A-2EE5-4C4F-B120-003F246B3E3C} = {0E291973-D91C-486C-A9D2-8926C656A382}
	EndGlobalSection
	GlobalSection(ExtensibilityGlobals) = postSolution
		SolutionGuid = {0803A1E1-195C-4AC0-A580-70F2086DE96D}
	EndGlobalSection
EndGlobal